
Microsoft Visual Studio Solution File, Format Version 12.00
# Visual Studio Version 17
VisualStudioVersion = 17.11.35303.130
MinimumVisualStudioVersion = 10.0.40219.1
Project("{9A19103F-16F7-4668-BE54-9A1E7A4F7556}") = "ToDoApp.DAL", "ToDoApp.DAL\ToDoApp.DAL.csproj", "{CA07BBC2-D5F0-4DC6-A203-73E071DEC44E}"
EndProject
Project("{9A19103F-16F7-4668-BE54-9A1E7A4F7556}") = "ToDoApp.BLL", "ToDoApp.BLL\ToDoApp.BLL.csproj", "{63CA3A5F-DA8D-41A9-A005-17F6549D94C3}"
EndProject
Project("{FAE04EC0-301F-11D3-BF4B-00C04F79EFBC}") = "ToDoApp.WebApi", "ToDoApp.WebApi\ToDoApp.WebApi.csproj", "{E86C3A40-1D5C-490A-B212-CFB08ECF9469}"
EndProject
Global
	GlobalSection(SolutionConfigurationPlatforms) = preSolution
		Debug|Any CPU = Debug|Any CPU
		Release|Any CPU = Release|Any CPU
	EndGlobalSection
	GlobalSection(ProjectConfigurationPlatforms) = postSolution
		{CA07BBC2-D5F0-4DC6-A203-73E071DEC44E}.Debug|Any CPU.ActiveCfg = Debug|Any CPU
		{CA07BBC2-D5F0-4DC6-A203-73E071DEC44E}.Debug|Any CPU.Build.0 = Debug|Any CPU
		{CA07BBC2-D5F0-4DC6-A203-73E071DEC44E}.Release|Any CPU.ActiveCfg = Release|Any CPU
		{CA07BBC2-D5F0-4DC6-A203-73E071DEC44E}.Release|Any CPU.Build.0 = Release|Any CPU
		{63CA3A5F-DA8D-41A9-A005-17F6549D94C3}.Debug|Any CPU.ActiveCfg = Debug|Any CPU
		{63CA3A5F-DA8D-41A9-A005-17F6549D94C3}.Debug|Any CPU.Build.0 = Debug|Any CPU
		{63CA3A5F-DA8D-41A9-A005-17F6549D94C3}.Release|Any CPU.ActiveCfg = Release|Any CPU
		{63CA3A5F-DA8D-41A9-A005-17F6549D94C3}.Release|Any CPU.Build.0 = Release|Any CPU
		{E86C3A40-1D5C-490A-B212-CFB08ECF9469}.Debug|Any CPU.ActiveCfg = Debug|Any CPU
		{E86C3A40-1D5C-490A-B212-CFB08ECF9469}.Debug|Any CPU.Build.0 = Debug|Any CPU
		{E86C3A40-1D5C-490A-B212-CFB08ECF9469}.Release|Any CPU.ActiveCfg = Release|Any CPU
		{E86C3A40-1D5C-490A-B212-CFB08ECF9469}.Release|Any CPU.Build.0 = Release|Any CPU
	EndGlobalSection
	GlobalSection(SolutionProperties) = preSolution
		HideSolutionNode = FALSE
	EndGlobalSection
	GlobalSection(ExtensibilityGlobals) = postSolution
		SolutionGuid = {DBA3D323-5C57-40D0-BABC-EE8B77FE765A}
	EndGlobalSection
EndGlobal
